
Microsoft Visual Studio Solution File, Format Version 12.00
# Visual Studio Version 17
VisualStudioVersion = 17.5.33516.290
MinimumVisualStudioVersion = 10.0.40219.1
Project("{9A19103F-16F7-4668-BE54-9A1E7A4F7556}") = "Ejercicio 03", "Ejercicio 03\Ejercicio 03.csproj", "{F5301FBF-8588-4223-A416-F86EB7086F77}"
EndProject
Project("{9A19103F-16F7-4668-BE54-9A1E7A4F7556}") = "Ejercicio 04", "Ejercicio 04\Ejercicio 04.csproj", "{D5E8A2A8-C1FC-4015-AC55-4AFC82F28403}"
EndProject
Project("{9A19103F-16F7-4668-BE54-9A1E7A4F7556}") = "Ejercicio 05", "Ejercicio 05\Ejercicio 05.csproj", "{30DDFA0B-609E-473C-A90E-C6EC8E205DAD}"
EndProject
Project("{9A19103F-16F7-4668-BE54-9A1E7A4F7556}") = "Entidades", "Entidades\Entidades.csproj", "{B730E3D0-6F0F-4AF2-9739-55D897C65EB0}"
EndProject
Project("{9A19103F-16F7-4668-BE54-9A1E7A4F7556}") = "Ejercicio 06", "Ejercicio 06\Ejercicio 06.csproj", "{9E038F70-0433-4AFF-85F1-29F3AE22FFD1}"
EndProject
Project("{9A19103F-16F7-4668-BE54-9A1E7A4F7556}") = "Ejercicio 07", "Ejercicio 07\Ejercicio 07.csproj", "{8615A28A-1404-47E9-976E-998F7FB8843B}"
EndProject
Project("{FAE04EC0-301F-11D3-BF4B-00C04F79EFBC}") = "Ejercicio 08", "Ejercicio 08\Ejercicio 08.csproj", "{FB389199-E6AB-43AB-B937-39DDE331834C}"
EndProject
Project("{FAE04EC0-301F-11D3-BF4B-00C04F79EFBC}") = "Ejercicio 09", "Ejercicio 09\Ejercicio 09.csproj", "{D6DED676-CEC6-45EE-AC2D-63F71DEF7EEF}"
EndProject
Project("{FAE04EC0-301F-11D3-BF4B-00C04F79EFBC}") = "Ejercicio 10", "Ejercicio 10\Ejercicio 10.csproj", "{47A37996-81B0-4FFF-ABD1-C9696B130E5F}"
EndProject
Global
	GlobalSection(SolutionConfigurationPlatforms) = preSolution
		Debug|Any CPU = Debug|Any CPU
		Release|Any CPU = Release|Any CPU
	EndGlobalSection
	GlobalSection(ProjectConfigurationPlatforms) = postSolution
		{F5301FBF-8588-4223-A416-F86EB7086F77}.Debug|Any CPU.ActiveCfg = Debug|Any CPU
		{F5301FBF-8588-4223-A416-F86EB7086F77}.Debug|Any CPU.Build.0 = Debug|Any CPU
		{F5301FBF-8588-4223-A416-F86EB7086F77}.Release|Any CPU.ActiveCfg = Release|Any CPU
		{F5301FBF-8588-4223-A416-F86EB7086F77}.Release|Any CPU.Build.0 = Release|Any CPU
		{D5E8A2A8-C1FC-4015-AC55-4AFC82F28403}.Debug|Any CPU.ActiveCfg = Debug|Any CPU
		{D5E8A2A8-C1FC-4015-AC55-4AFC82F28403}.Debug|Any CPU.Build.0 = Debug|Any CPU
		{D5E8A2A8-C1FC-4015-AC55-4AFC82F28403}.Release|Any CPU.ActiveCfg = Release|Any CPU
		{D5E8A2A8-C1FC-4015-AC55-4AFC82F28403}.Release|Any CPU.Build.0 = Release|Any CPU
		{30DDFA0B-609E-473C-A90E-C6EC8E205DAD}.Debug|Any CPU.ActiveCfg = Debug|Any CPU
		{30DDFA0B-609E-473C-A90E-C6EC8E205DAD}.Debug|Any CPU.Build.0 = Debug|Any CPU
		{30DDFA0B-609E-473C-A90E-C6EC8E205DAD}.Release|Any CPU.ActiveCfg = Release|Any CPU
		{30DDFA0B-609E-473C-A90E-C6EC8E205DAD}.Release|Any CPU.Build.0 = Release|Any CPU
		{B730E3D0-6F0F-4AF2-9739-55D897C65EB0}.Debug|Any CPU.ActiveCfg = Debug|Any CPU
		{B730E3D0-6F0F-4AF2-9739-55D897C65EB0}.Debug|Any CPU.Build.0 = Debug|Any CPU
		{B730E3D0-6F0F-4AF2-9739-55D897C65EB0}.Release|Any CPU.ActiveCfg = Release|Any CPU
		{B730E3D0-6F0F-4AF2-9739-55D897C65EB0}.Release|Any CPU.Build.0 = Release|Any CPU
		{9E038F70-0433-4AFF-85F1-29F3AE22FFD1}.Debug|Any CPU.ActiveCfg = Debug|Any CPU
		{9E038F70-0433-4AFF-85F1-29F3AE22FFD1}.Debug|Any CPU.Build.0 = Debug|Any CPU
		{9E038F70-0433-4AFF-85F1-29F3AE22FFD1}.Release|Any CPU.ActiveCfg = Release|Any CPU
		{9E038F70-0433-4AFF-85F1-29F3AE22FFD1}.Release|Any CPU.Build.0 = Release|Any CPU
		{8615A28A-1404-47E9-976E-998F7FB8843B}.Debug|Any CPU.ActiveCfg = Debug|Any CPU
		{8615A28A-1404-47E9-976E-998F7FB8843B}.Debug|Any CPU.Build.0 = Debug|Any CPU
		{8615A28A-1404-47E9-976E-998F7FB8843B}.Release|Any CPU.ActiveCfg = Release|Any CPU
		{8615A28A-1404-47E9-976E-998F7FB8843B}.Release|Any CPU.Build.0 = Release|Any CPU
		{FB389199-E6AB-43AB-B937-39DDE331834C}.Debug|Any CPU.ActiveCfg = Debug|Any CPU
		{FB389199-E6AB-43AB-B937-39DDE331834C}.Debug|Any CPU.Build.0 = Debug|Any CPU
		{FB389199-E6AB-43AB-B937-39DDE331834C}.Release|Any CPU.ActiveCfg = Release|Any CPU
		{FB389199-E6AB-43AB-B937-39DDE331834C}.Release|Any CPU.Build.0 = Release|Any CPU
		{D6DED676-CEC6-45EE-AC2D-63F71DEF7EEF}.Debug|Any CPU.ActiveCfg = Debug|Any CPU
		{D6DED676-CEC6-45EE-AC2D-63F71DEF7EEF}.Debug|Any CPU.Build.0 = Debug|Any CPU
		{D6DED676-CEC6-45EE-AC2D-63F71DEF7EEF}.Release|Any CPU.ActiveCfg = Release|Any CPU
		{D6DED676-CEC6-45EE-AC2D-63F71DEF7EEF}.Release|Any CPU.Build.0 = Release|Any CPU
		{47A37996-81B0-4FFF-ABD1-C9696B130E5F}.Debug|Any CPU.ActiveCfg = Debug|Any CPU
		{47A37996-81B0-4FFF-ABD1-C9696B130E5F}.Debug|Any CPU.Build.0 = Debug|Any CPU
		{47A37996-81B0-4FFF-ABD1-C9696B130E5F}.Release|Any CPU.ActiveCfg = Release|Any CPU
		{47A37996-81B0-4FFF-ABD1-C9696B130E5F}.Release|Any CPU.Build.0 = Release|Any CPU
	EndGlobalSection
	GlobalSection(SolutionProperties) = preSolution
		HideSolutionNode = FALSE
	EndGlobalSection
	GlobalSection(ExtensibilityGlobals) = postSolution
		SolutionGuid = {A49AE37F-2A59-41C5-862A-BA0C39290FAB}
	EndGlobalSection
EndGlobal
