
Microsoft Visual Studio Solution File, Format Version 12.00
# Visual Studio Version 17
VisualStudioVersion = 17.5.33516.290
MinimumVisualStudioVersion = 10.0.40219.1
Project("{9A19103F-16F7-4668-BE54-9A1E7A4F7556}") = "CotizadorForm", "CotizadorForm\CotizadorForm.csproj", "{6A8B93CF-5565-4070-8916-B6B1A01C8F24}"
EndProject
Project("{9A19103F-16F7-4668-BE54-9A1E7A4F7556}") = "Billetes", "..\Billetes\Billetes.csproj", "{C46309A2-FBBA-4415-B885-2265D726BC31}"
EndProject
Project("{FAE04EC0-301F-11D3-BF4B-00C04F79EFBC}") = "Validaciones", "Validaciones\Validaciones.csproj", "{772A4CAA-E0CF-4CBA-AF29-A38E73ACF0CA}"
EndProject
Global
	GlobalSection(SolutionConfigurationPlatforms) = preSolution
		Debug|Any CPU = Debug|Any CPU
		Release|Any CPU = Release|Any CPU
	EndGlobalSection
	GlobalSection(ProjectConfigurationPlatforms) = postSolution
		{6A8B93CF-5565-4070-8916-B6B1A01C8F24}.Debug|Any CPU.ActiveCfg = Debug|Any CPU
		{6A8B93CF-5565-4070-8916-B6B1A01C8F24}.Debug|Any CPU.Build.0 = Debug|Any CPU
		{6A8B93CF-5565-4070-8916-B6B1A01C8F24}.Release|Any CPU.ActiveCfg = Release|Any CPU
		{6A8B93CF-5565-4070-8916-B6B1A01C8F24}.Release|Any CPU.Build.0 = Release|Any CPU
		{C46309A2-FBBA-4415-B885-2265D726BC31}.Debug|Any CPU.ActiveCfg = Debug|Any CPU
		{C46309A2-FBBA-4415-B885-2265D726BC31}.Debug|Any CPU.Build.0 = Debug|Any CPU
		{C46309A2-FBBA-4415-B885-2265D726BC31}.Release|Any CPU.ActiveCfg = Release|Any CPU
		{C46309A2-FBBA-4415-B885-2265D726BC31}.Release|Any CPU.Build.0 = Release|Any CPU
		{772A4CAA-E0CF-4CBA-AF29-A38E73ACF0CA}.Debug|Any CPU.ActiveCfg = Debug|Any CPU
		{772A4CAA-E0CF-4CBA-AF29-A38E73ACF0CA}.Debug|Any CPU.Build.0 = Debug|Any CPU
		{772A4CAA-E0CF-4CBA-AF29-A38E73ACF0CA}.Release|Any CPU.ActiveCfg = Release|Any CPU
		{772A4CAA-E0CF-4CBA-AF29-A38E73ACF0CA}.Release|Any CPU.Build.0 = Release|Any CPU
	EndGlobalSection
	GlobalSection(SolutionProperties) = preSolution
		HideSolutionNode = FALSE
	EndGlobalSection
	GlobalSection(ExtensibilityGlobals) = postSolution
		SolutionGuid = {6989F139-5D76-4FA9-A118-DB665147A17F}
	EndGlobalSection
EndGlobal
