
Microsoft Visual Studio Solution File, Format Version 12.00
# Visual Studio Version 17
VisualStudioVersion = 17.5.33516.290
MinimumVisualStudioVersion = 10.0.40219.1
Project("{9A19103F-16F7-4668-BE54-9A1E7A4F7556}") = "Clases", "Clases\Clases.csproj", "{AE3AEAE9-84DF-4C87-BE2A-D74C8953D3D8}"
EndProject
Project("{9A19103F-16F7-4668-BE54-9A1E7A4F7556}") = "Prueba Consola", "Main\Prueba Consola.csproj", "{B589548C-76B8-4DB9-A730-72CC7AACFD6A}"
EndProject
Project("{9A19103F-16F7-4668-BE54-9A1E7A4F7556}") = "FormEstacionamiento", "FormEstacionamiento\FormEstacionamiento.csproj", "{D4330E2C-F611-4083-BEF0-4957EF3B5A8B}"
EndProject
Global
	GlobalSection(SolutionConfigurationPlatforms) = preSolution
		Debug|Any CPU = Debug|Any CPU
		Release|Any CPU = Release|Any CPU
	EndGlobalSection
	GlobalSection(ProjectConfigurationPlatforms) = postSolution
		{AE3AEAE9-84DF-4C87-BE2A-D74C8953D3D8}.Debug|Any CPU.ActiveCfg = Debug|Any CPU
		{AE3AEAE9-84DF-4C87-BE2A-D74C8953D3D8}.Debug|Any CPU.Build.0 = Debug|Any CPU
		{AE3AEAE9-84DF-4C87-BE2A-D74C8953D3D8}.Release|Any CPU.ActiveCfg = Release|Any CPU
		{AE3AEAE9-84DF-4C87-BE2A-D74C8953D3D8}.Release|Any CPU.Build.0 = Release|Any CPU
		{B589548C-76B8-4DB9-A730-72CC7AACFD6A}.Debug|Any CPU.ActiveCfg = Debug|Any CPU
		{B589548C-76B8-4DB9-A730-72CC7AACFD6A}.Debug|Any CPU.Build.0 = Debug|Any CPU
		{B589548C-76B8-4DB9-A730-72CC7AACFD6A}.Release|Any CPU.ActiveCfg = Release|Any CPU
		{B589548C-76B8-4DB9-A730-72CC7AACFD6A}.Release|Any CPU.Build.0 = Release|Any CPU
		{D4330E2C-F611-4083-BEF0-4957EF3B5A8B}.Debug|Any CPU.ActiveCfg = Debug|Any CPU
		{D4330E2C-F611-4083-BEF0-4957EF3B5A8B}.Debug|Any CPU.Build.0 = Debug|Any CPU
		{D4330E2C-F611-4083-BEF0-4957EF3B5A8B}.Release|Any CPU.ActiveCfg = Release|Any CPU
		{D4330E2C-F611-4083-BEF0-4957EF3B5A8B}.Release|Any CPU.Build.0 = Release|Any CPU
	EndGlobalSection
	GlobalSection(SolutionProperties) = preSolution
		HideSolutionNode = FALSE
	EndGlobalSection
	GlobalSection(ExtensibilityGlobals) = postSolution
		SolutionGuid = {D613D16A-598D-46A1-A009-4AE0B03A3D16}
	EndGlobalSection
EndGlobal
