
Microsoft Visual Studio Solution File, Format Version 12.00
# Visual Studio Version 17
VisualStudioVersion = 17.5.33516.290
MinimumVisualStudioVersion = 10.0.40219.1
Project("{9A19103F-16F7-4668-BE54-9A1E7A4F7556}") = "Ejercicio 16", "Ejercicio 16\Ejercicio 16.csproj", "{050D3DCB-5E5D-49C1-96C8-09364F9B18D3}"
EndProject
Project("{FAE04EC0-301F-11D3-BF4B-00C04F79EFBC}") = "Clases", "Clases\Clases.csproj", "{DD0602CE-33E4-4C0D-B409-3AB8CC8CDE4B}"
EndProject
Global
	GlobalSection(SolutionConfigurationPlatforms) = preSolution
		Debug|Any CPU = Debug|Any CPU
		Release|Any CPU = Release|Any CPU
	EndGlobalSection
	GlobalSection(ProjectConfigurationPlatforms) = postSolution
		{050D3DCB-5E5D-49C1-96C8-09364F9B18D3}.Debug|Any CPU.ActiveCfg = Debug|Any CPU
		{050D3DCB-5E5D-49C1-96C8-09364F9B18D3}.Debug|Any CPU.Build.0 = Debug|Any CPU
		{050D3DCB-5E5D-49C1-96C8-09364F9B18D3}.Release|Any CPU.ActiveCfg = Release|Any CPU
		{050D3DCB-5E5D-49C1-96C8-09364F9B18D3}.Release|Any CPU.Build.0 = Release|Any CPU
		{DD0602CE-33E4-4C0D-B409-3AB8CC8CDE4B}.Debug|Any CPU.ActiveCfg = Debug|Any CPU
		{DD0602CE-33E4-4C0D-B409-3AB8CC8CDE4B}.Debug|Any CPU.Build.0 = Debug|Any CPU
		{DD0602CE-33E4-4C0D-B409-3AB8CC8CDE4B}.Release|Any CPU.ActiveCfg = Release|Any CPU
		{DD0602CE-33E4-4C0D-B409-3AB8CC8CDE4B}.Release|Any CPU.Build.0 = Release|Any CPU
	EndGlobalSection
	GlobalSection(SolutionProperties) = preSolution
		HideSolutionNode = FALSE
	EndGlobalSection
	GlobalSection(ExtensibilityGlobals) = postSolution
		SolutionGuid = {9E6201D4-5C86-4693-8025-D5D8B57E229D}
	EndGlobalSection
EndGlobal
