
Microsoft Visual Studio Solution File, Format Version 12.00
# Visual Studio Version 17
VisualStudioVersion = 17.5.33516.290
MinimumVisualStudioVersion = 10.0.40219.1
Project("{FAE04EC0-301F-11D3-BF4B-00C04F79EFBC}") = "Entidades", "Entidades\Entidades.csproj", "{765E6A05-F772-48A6-B5C2-F0241DC659BB}"
EndProject
Project("{FAE04EC0-301F-11D3-BF4B-00C04F79EFBC}") = "Consola", "Consola\Consola.csproj", "{CBDDAC53-AE7B-4F28-8A46-437C3F7CDB05}"
EndProject
Global
	GlobalSection(SolutionConfigurationPlatforms) = preSolution
		Debug|Any CPU = Debug|Any CPU
		Release|Any CPU = Release|Any CPU
	EndGlobalSection
	GlobalSection(ProjectConfigurationPlatforms) = postSolution
		{765E6A05-F772-48A6-B5C2-F0241DC659BB}.Debug|Any CPU.ActiveCfg = Debug|Any CPU
		{765E6A05-F772-48A6-B5C2-F0241DC659BB}.Debug|Any CPU.Build.0 = Debug|Any CPU
		{765E6A05-F772-48A6-B5C2-F0241DC659BB}.Release|Any CPU.ActiveCfg = Release|Any CPU
		{765E6A05-F772-48A6-B5C2-F0241DC659BB}.Release|Any CPU.Build.0 = Release|Any CPU
		{CBDDAC53-AE7B-4F28-8A46-437C3F7CDB05}.Debug|Any CPU.ActiveCfg = Debug|Any CPU
		{CBDDAC53-AE7B-4F28-8A46-437C3F7CDB05}.Debug|Any CPU.Build.0 = Debug|Any CPU
		{CBDDAC53-AE7B-4F28-8A46-437C3F7CDB05}.Release|Any CPU.ActiveCfg = Release|Any CPU
		{CBDDAC53-AE7B-4F28-8A46-437C3F7CDB05}.Release|Any CPU.Build.0 = Release|Any CPU
	EndGlobalSection
	GlobalSection(SolutionProperties) = preSolution
		HideSolutionNode = FALSE
	EndGlobalSection
	GlobalSection(ExtensibilityGlobals) = postSolution
		SolutionGuid = {862A0A46-237C-43E7-BC50-45E259091FA9}
	EndGlobalSection
EndGlobal
