
Microsoft Visual Studio Solution File, Format Version 12.00
# Visual Studio Version 17
VisualStudioVersion = 17.5.33516.290
MinimumVisualStudioVersion = 10.0.40219.1
Project("{FAE04EC0-301F-11D3-BF4B-00C04F79EFBC}") = "Entidades", "Entidades\Entidades.csproj", "{47F15784-783F-4F5B-A363-90ABBE818CB4}"
EndProject
Project("{FAE04EC0-301F-11D3-BF4B-00C04F79EFBC}") = "Consola", "Consola\Consola.csproj", "{F2A26EC9-BE27-4A2B-8480-457A0C137DFD}"
EndProject
Global
	GlobalSection(SolutionConfigurationPlatforms) = preSolution
		Debug|Any CPU = Debug|Any CPU
		Release|Any CPU = Release|Any CPU
	EndGlobalSection
	GlobalSection(ProjectConfigurationPlatforms) = postSolution
		{47F15784-783F-4F5B-A363-90ABBE818CB4}.Debug|Any CPU.ActiveCfg = Debug|Any CPU
		{47F15784-783F-4F5B-A363-90ABBE818CB4}.Debug|Any CPU.Build.0 = Debug|Any CPU
		{47F15784-783F-4F5B-A363-90ABBE818CB4}.Release|Any CPU.ActiveCfg = Release|Any CPU
		{47F15784-783F-4F5B-A363-90ABBE818CB4}.Release|Any CPU.Build.0 = Release|Any CPU
		{F2A26EC9-BE27-4A2B-8480-457A0C137DFD}.Debug|Any CPU.ActiveCfg = Debug|Any CPU
		{F2A26EC9-BE27-4A2B-8480-457A0C137DFD}.Debug|Any CPU.Build.0 = Debug|Any CPU
		{F2A26EC9-BE27-4A2B-8480-457A0C137DFD}.Release|Any CPU.ActiveCfg = Release|Any CPU
		{F2A26EC9-BE27-4A2B-8480-457A0C137DFD}.Release|Any CPU.Build.0 = Release|Any CPU
	EndGlobalSection
	GlobalSection(SolutionProperties) = preSolution
		HideSolutionNode = FALSE
	EndGlobalSection
	GlobalSection(ExtensibilityGlobals) = postSolution
		SolutionGuid = {7DE91028-382E-4017-B3E9-552F3C6C6B9F}
	EndGlobalSection
EndGlobal
